
Microsoft Visual Studio Solution File, Format Version 12.00
# Visual Studio Version 17
VisualStudioVersion = 17.6.33513.286
MinimumVisualStudioVersion = 10.0.40219.1
Project("{9A19103F-16F7-4668-BE54-9A1E7A4F7556}") = "MvvmDemo", "MvvmDemo\MvvmDemo.csproj", "{B17216CF-62D5-4772-A065-662ED961A700}"
EndProject
Project("{FAE04EC0-301F-11D3-BF4B-00C04F79EFBC}") = "Mvcdemo", "Mvcdemo\Mvcdemo.csproj", "{52B6B024-620C-421C-8BB9-088A06122525}"
EndProject
Global
	GlobalSection(SolutionConfigurationPlatforms) = preSolution
		Debug|Any CPU = Debug|Any CPU
		Release|Any CPU = Release|Any CPU
	EndGlobalSection
	GlobalSection(ProjectConfigurationPlatforms) = postSolution
		{B17216CF-62D5-4772-A065-662ED961A700}.Debug|Any CPU.ActiveCfg = Debug|Any CPU
		{B17216CF-62D5-4772-A065-662ED961A700}.Debug|Any CPU.Build.0 = Debug|Any CPU
		{B17216CF-62D5-4772-A065-662ED961A700}.Release|Any CPU.ActiveCfg = Release|Any CPU
		{B17216CF-62D5-4772-A065-662ED961A700}.Release|Any CPU.Build.0 = Release|Any CPU
		{52B6B024-620C-421C-8BB9-088A06122525}.Debug|Any CPU.ActiveCfg = Debug|Any CPU
		{52B6B024-620C-421C-8BB9-088A06122525}.Debug|Any CPU.Build.0 = Debug|Any CPU
		{52B6B024-620C-421C-8BB9-088A06122525}.Release|Any CPU.ActiveCfg = Release|Any CPU
		{52B6B024-620C-421C-8BB9-088A06122525}.Release|Any CPU.Build.0 = Release|Any CPU
	EndGlobalSection
	GlobalSection(SolutionProperties) = preSolution
		HideSolutionNode = FALSE
	EndGlobalSection
	GlobalSection(ExtensibilityGlobals) = postSolution
		SolutionGuid = {CFBAF0FC-9733-4B7C-88D3-86F6B5727546}
	EndGlobalSection
EndGlobal
